// !$*UTF8*$!
{
	archiveVersion = 1;
	classes = {
	};
	objectVersion = 50;
	objects = {

/* Begin PBXBuildFile section */
		1155F61E25C3AD1D00270E9E /* AppDelegate.m in Sources */ = {isa = PBXBuildFile; fileRef = 1155F61D25C3AD1D00270E9E /* AppDelegate.m */; };
		1155F62425C3AD1D00270E9E /* ViewController.m in Sources */ = {isa = PBXBuildFile; fileRef = 1155F62325C3AD1D00270E9E /* ViewController.m */; };
		1155F62925C3AD1E00270E9E /* Assets.xcassets in Resources */ = {isa = PBXBuildFile; fileRef = 1155F62825C3AD1E00270E9E /* Assets.xcassets */; };
		1155F62C25C3AD1E00270E9E /* LaunchScreen.storyboard in Resources */ = {isa = PBXBuildFile; fileRef = 1155F62A25C3AD1E00270E9E /* LaunchScreen.storyboard */; };
		1155F62F25C3AD1E00270E9E /* main.m in Sources */ = {isa = PBXBuildFile; fileRef = 1155F62E25C3AD1E00270E9E /* main.m */; };
		1155F63925C3AD1E00270E9E /* FaceCameraTests.m in Sources */ = {isa = PBXBuildFile; fileRef = 1155F63825C3AD1E00270E9E /* FaceCameraTests.m */; };
		1155F64425C3AD1E00270E9E /* FaceCameraUITests.m in Sources */ = {isa = PBXBuildFile; fileRef = 1155F64325C3AD1E00270E9E /* FaceCameraUITests.m */; };
		1155F65625C3BCD400270E9E /* ARExperienceController.m in Sources */ = {isa = PBXBuildFile; fileRef = 1155F65525C3BCD400270E9E /* ARExperienceController.m */; };
		1155F65A25C3D6D100270E9E /* MetalViewController.m in Sources */ = {isa = PBXBuildFile; fileRef = 1155F65925C3D6D100270E9E /* MetalViewController.m */; };
		1155F65C25C3E63200270E9E /* Metal-Shading-Language-Specification.pdf in Resources */ = {isa = PBXBuildFile; fileRef = 1155F65B25C3E63200270E9E /* Metal-Shading-Language-Specification.pdf */; };
		1155F65F25C3E65900270E9E /* Essentials.m in Sources */ = {isa = PBXBuildFile; fileRef = 1155F65E25C3E65900270E9E /* Essentials.m */; };
		1155F66225C3E67300270E9E /* GPUs.m in Sources */ = {isa = PBXBuildFile; fileRef = 1155F66125C3E67300270E9E /* GPUs.m */; };
		1155F66525C3E69600270E9E /* CommandSetup.m in Sources */ = {isa = PBXBuildFile; fileRef = 1155F66425C3E69600270E9E /* CommandSetup.m */; };
		1155F66825C3E6AF00270E9E /* ParallelComputation.m in Sources */ = {isa = PBXBuildFile; fileRef = 1155F66725C3E6AF00270E9E /* ParallelComputation.m */; };
		1155F66B25C3E6BD00270E9E /* RayTracing.m in Sources */ = {isa = PBXBuildFile; fileRef = 1155F66A25C3E6BD00270E9E /* RayTracing.m */; };
		1155F66E25C3E6D500270E9E /* Rendering.m in Sources */ = {isa = PBXBuildFile; fileRef = 1155F66D25C3E6D500270E9E /* Rendering.m */; };
		1155F67125C3E6F500270E9E /* Presentation.m in Sources */ = {isa = PBXBuildFile; fileRef = 1155F67025C3E6F500270E9E /* Presentation.m */; };
		1155F67425C3E70300270E9E /* Shaders.m in Sources */ = {isa = PBXBuildFile; fileRef = 1155F67325C3E70300270E9E /* Shaders.m */; };
		1155F67725C3E71600270E9E /* Resources.m in Sources */ = {isa = PBXBuildFile; fileRef = 1155F67625C3E71600270E9E /* Resources.m */; };
		1155F67A25C3E74D00270E9E /* ObjectSizingAndPositioning.m in Sources */ = {isa = PBXBuildFile; fileRef = 1155F67925C3E74D00270E9E /* ObjectSizingAndPositioning.m */; };
		1155F67D25C3E79200270E9E /* PackedVectorsAndMatrices.m in Sources */ = {isa = PBXBuildFile; fileRef = 1155F67C25C3E79200270E9E /* PackedVectorsAndMatrices.m */; };
		1155F68025C3E7A300270E9E /* Time.m in Sources */ = {isa = PBXBuildFile; fileRef = 1155F67F25C3E7A300270E9E /* Time.m */; };
		1155F68325C3E7B000270E9E /* Tools.m in Sources */ = {isa = PBXBuildFile; fileRef = 1155F68225C3E7B000270E9E /* Tools.m */; };
		1155F68525C3E9AE00270E9E /* File.metal in Sources */ = {isa = PBXBuildFile; fileRef = 1155F68425C3E9AE00270E9E /* File.metal */; };
		1155F68725C4040E00270E9E /* 9e65eb88-9081-40fc-b2e4-4c72877bfcd4.png in Resources */ = {isa = PBXBuildFile; fileRef = 1155F68625C4040E00270E9E /* 9e65eb88-9081-40fc-b2e4-4c72877bfcd4.png */; };
		115EDC9325C4F1DA00BDECBE /* Metal-Feature-Set-Tables.pdf in Resources */ = {isa = PBXBuildFile; fileRef = 115EDC9225C4F1DA00BDECBE /* Metal-Feature-Set-Tables.pdf */; };
		115EDC9525C5227300BDECBE /* 6411df7f-4f5c-46d6-9573-c2c6dd10fffb.png in Resources */ = {isa = PBXBuildFile; fileRef = 115EDC9425C5227300BDECBE /* 6411df7f-4f5c-46d6-9573-c2c6dd10fffb.png */; };
		115EDC9725C5230300BDECBE /* 27dc137c-d852-461e-aff2-e93ab71f44e9.png in Resources */ = {isa = PBXBuildFile; fileRef = 115EDC9625C5230300BDECBE /* 27dc137c-d852-461e-aff2-e93ab71f44e9.png */; };
		115EDC9925C523BC00BDECBE /* 9e68fba0-6dd4-4bc6-92a9-da1646f742d4.png in Resources */ = {isa = PBXBuildFile; fileRef = 115EDC9825C523BC00BDECBE /* 9e68fba0-6dd4-4bc6-92a9-da1646f742d4.png */; };
		115EDC9B25C5250D00BDECBE /* 5b88782f-d94e-45a2-833c-c8570dbb7b84.png in Resources */ = {isa = PBXBuildFile; fileRef = 115EDC9A25C5250D00BDECBE /* 5b88782f-d94e-45a2-833c-c8570dbb7b84.png */; };
		115EDC9D25C5254500BDECBE /* cef5cd2d-1e3a-4fd8-b114-2ee84324d157.png in Resources */ = {isa = PBXBuildFile; fileRef = 115EDC9C25C5254500BDECBE /* cef5cd2d-1e3a-4fd8-b114-2ee84324d157.png */; };
		115EDC9F25C52BFA00BDECBE /* 截屏2021-01-30.png in Resources */ = {isa = PBXBuildFile; fileRef = 115EDC9E25C52BFA00BDECBE /* 截屏2021-01-30.png */; };
/* End PBXBuildFile section */

/* Begin PBXContainerItemProxy section */
		1155F63525C3AD1E00270E9E /* PBXContainerItemProxy */ = {
			isa = PBXContainerItemProxy;
			containerPortal = 1155F61125C3AD1D00270E9E /* Project object */;
			proxyType = 1;
			remoteGlobalIDString = 1155F61825C3AD1D00270E9E;
			remoteInfo = FaceCamera;
		};
		1155F64025C3AD1E00270E9E /* PBXContainerItemProxy */ = {
			isa = PBXContainerItemProxy;
			containerPortal = 1155F61125C3AD1D00270E9E /* Project object */;
			proxyType = 1;
			remoteGlobalIDString = 1155F61825C3AD1D00270E9E;
			remoteInfo = FaceCamera;
		};
/* End PBXContainerItemProxy section */

/* Begin PBXFileReference section */
		1155F61925C3AD1D00270E9E /* FaceCamera.app */ = {isa = PBXFileReference; explicitFileType = wrapper.application; includeInIndex = 0; path = FaceCamera.app; sourceTree = BUILT_PRODUCTS_DIR; };
		1155F61C25C3AD1D00270E9E /* AppDelegate.h */ = {isa = PBXFileReference; lastKnownFileType = sourcecode.c.h; path = AppDelegate.h; sourceTree = "<group>"; };
		1155F61D25C3AD1D00270E9E /* AppDelegate.m */ = {isa = PBXFileReference; lastKnownFileType = sourcecode.c.objc; path = AppDelegate.m; sourceTree = "<group>"; };
		1155F62225C3AD1D00270E9E /* ViewController.h */ = {isa = PBXFileReference; lastKnownFileType = sourcecode.c.h; path = ViewController.h; sourceTree = "<group>"; };
		1155F62325C3AD1D00270E9E /* ViewController.m */ = {isa = PBXFileReference; lastKnownFileType = sourcecode.c.objc; path = ViewController.m; sourceTree = "<group>"; };
		1155F62825C3AD1E00270E9E /* Assets.xcassets */ = {isa = PBXFileReference; lastKnownFileType = folder.assetcatalog; path = Assets.xcassets; sourceTree = "<group>"; };
		1155F62B25C3AD1E00270E9E /* Base */ = {isa = PBXFileReference; lastKnownFileType = file.storyboard; name = Base; path = Base.lproj/LaunchScreen.storyboard; sourceTree = "<group>"; };
		1155F62D25C3AD1E00270E9E /* Info.plist */ = {isa = PBXFileReference; lastKnownFileType = text.plist.xml; path = Info.plist; sourceTree = "<group>"; };
		1155F62E25C3AD1E00270E9E /* main.m */ = {isa = PBXFileReference; lastKnownFileType = sourcecode.c.objc; path = main.m; sourceTree = "<group>"; };
		1155F63425C3AD1E00270E9E /* FaceCameraTests.xctest */ = {isa = PBXFileReference; explicitFileType = wrapper.cfbundle; includeInIndex = 0; path = FaceCameraTests.xctest; sourceTree = BUILT_PRODUCTS_DIR; };
		1155F63825C3AD1E00270E9E /* FaceCameraTests.m */ = {isa = PBXFileReference; lastKnownFileType = sourcecode.c.objc; path = FaceCameraTests.m; sourceTree = "<group>"; };
		1155F63A25C3AD1E00270E9E /* Info.plist */ = {isa = PBXFileReference; lastKnownFileType = text.plist.xml; path = Info.plist; sourceTree = "<group>"; };
		1155F63F25C3AD1E00270E9E /* FaceCameraUITests.xctest */ = {isa = PBXFileReference; explicitFileType = wrapper.cfbundle; includeInIndex = 0; path = FaceCameraUITests.xctest; sourceTree = BUILT_PRODUCTS_DIR; };
		1155F64325C3AD1E00270E9E /* FaceCameraUITests.m */ = {isa = PBXFileReference; lastKnownFileType = sourcecode.c.objc; path = FaceCameraUITests.m; sourceTree = "<group>"; };
		1155F64525C3AD1E00270E9E /* Info.plist */ = {isa = PBXFileReference; lastKnownFileType = text.plist.xml; path = Info.plist; sourceTree = "<group>"; };
		1155F65125C3AEE400270E9E /* PrefixHeader.pch */ = {isa = PBXFileReference; lastKnownFileType = sourcecode.c.h; path = PrefixHeader.pch; sourceTree = "<group>"; };
		1155F65225C3AF1D00270E9E /* BasicMacro.h */ = {isa = PBXFileReference; lastKnownFileType = sourcecode.c.h; path = BasicMacro.h; sourceTree = "<group>"; };
		1155F65425C3BCD400270E9E /* ARExperienceController.h */ = {isa = PBXFileReference; lastKnownFileType = sourcecode.c.h; path = ARExperienceController.h; sourceTree = "<group>"; };
		1155F65525C3BCD400270E9E /* ARExperienceController.m */ = {isa = PBXFileReference; lastKnownFileType = sourcecode.c.objc; path = ARExperienceController.m; sourceTree = "<group>"; };
		1155F65825C3D6D100270E9E /* MetalViewController.h */ = {isa = PBXFileReference; lastKnownFileType = sourcecode.c.h; path = MetalViewController.h; sourceTree = "<group>"; };
		1155F65925C3D6D100270E9E /* MetalViewController.m */ = {isa = PBXFileReference; lastKnownFileType = sourcecode.c.objc; path = MetalViewController.m; sourceTree = "<group>"; };
		1155F65B25C3E63200270E9E /* Metal-Shading-Language-Specification.pdf */ = {isa = PBXFileReference; lastKnownFileType = image.pdf; path = "Metal-Shading-Language-Specification.pdf"; sourceTree = "<group>"; };
		1155F65D25C3E65900270E9E /* Essentials.h */ = {isa = PBXFileReference; lastKnownFileType = sourcecode.c.h; path = Essentials.h; sourceTree = "<group>"; };
		1155F65E25C3E65900270E9E /* Essentials.m */ = {isa = PBXFileReference; lastKnownFileType = sourcecode.c.objc; path = Essentials.m; sourceTree = "<group>"; };
		1155F66025C3E67300270E9E /* GPUs.h */ = {isa = PBXFileReference; lastKnownFileType = sourcecode.c.h; path = GPUs.h; sourceTree = "<group>"; };
		1155F66125C3E67300270E9E /* GPUs.m */ = {isa = PBXFileReference; lastKnownFileType = sourcecode.c.objc; path = GPUs.m; sourceTree = "<group>"; };
		1155F66325C3E69600270E9E /* CommandSetup.h */ = {isa = PBXFileReference; lastKnownFileType = sourcecode.c.h; path = CommandSetup.h; sourceTree = "<group>"; };
		1155F66425C3E69600270E9E /* CommandSetup.m */ = {isa = PBXFileReference; lastKnownFileType = sourcecode.c.objc; path = CommandSetup.m; sourceTree = "<group>"; };
		1155F66625C3E6AF00270E9E /* ParallelComputation.h */ = {isa = PBXFileReference; lastKnownFileType = sourcecode.c.h; path = ParallelComputation.h; sourceTree = "<group>"; };
		1155F66725C3E6AF00270E9E /* ParallelComputation.m */ = {isa = PBXFileReference; lastKnownFileType = sourcecode.c.objc; path = ParallelComputation.m; sourceTree = "<group>"; };
		1155F66925C3E6BD00270E9E /* RayTracing.h */ = {isa = PBXFileReference; lastKnownFileType = sourcecode.c.h; path = RayTracing.h; sourceTree = "<group>"; };
		1155F66A25C3E6BD00270E9E /* RayTracing.m */ = {isa = PBXFileReference; lastKnownFileType = sourcecode.c.objc; path = RayTracing.m; sourceTree = "<group>"; };
		1155F66C25C3E6D500270E9E /* Rendering.h */ = {isa = PBXFileReference; lastKnownFileType = sourcecode.c.h; path = Rendering.h; sourceTree = "<group>"; };
		1155F66D25C3E6D500270E9E /* Rendering.m */ = {isa = PBXFileReference; lastKnownFileType = sourcecode.c.objc; path = Rendering.m; sourceTree = "<group>"; };
		1155F66F25C3E6F500270E9E /* Presentation.h */ = {isa = PBXFileReference; lastKnownFileType = sourcecode.c.h; path = Presentation.h; sourceTree = "<group>"; };
		1155F67025C3E6F500270E9E /* Presentation.m */ = {isa = PBXFileReference; lastKnownFileType = sourcecode.c.objc; path = Presentation.m; sourceTree = "<group>"; };
		1155F67225C3E70300270E9E /* Shaders.h */ = {isa = PBXFileReference; lastKnownFileType = sourcecode.c.h; path = Shaders.h; sourceTree = "<group>"; };
		1155F67325C3E70300270E9E /* Shaders.m */ = {isa = PBXFileReference; lastKnownFileType = sourcecode.c.objc; path = Shaders.m; sourceTree = "<group>"; };
		1155F67525C3E71600270E9E /* Resources.h */ = {isa = PBXFileReference; lastKnownFileType = sourcecode.c.h; path = Resources.h; sourceTree = "<group>"; };
		1155F67625C3E71600270E9E /* Resources.m */ = {isa = PBXFileReference; lastKnownFileType = sourcecode.c.objc; path = Resources.m; sourceTree = "<group>"; };
		1155F67825C3E74D00270E9E /* ObjectSizingAndPositioning.h */ = {isa = PBXFileReference; lastKnownFileType = sourcecode.c.h; path = ObjectSizingAndPositioning.h; sourceTree = "<group>"; };
		1155F67925C3E74D00270E9E /* ObjectSizingAndPositioning.m */ = {isa = PBXFileReference; lastKnownFileType = sourcecode.c.objc; path = ObjectSizingAndPositioning.m; sourceTree = "<group>"; };
		1155F67B25C3E79200270E9E /* PackedVectorsAndMatrices.h */ = {isa = PBXFileReference; lastKnownFileType = sourcecode.c.h; path = PackedVectorsAndMatrices.h; sourceTree = "<group>"; };
		1155F67C25C3E79200270E9E /* PackedVectorsAndMatrices.m */ = {isa = PBXFileReference; lastKnownFileType = sourcecode.c.objc; path = PackedVectorsAndMatrices.m; sourceTree = "<group>"; };
		1155F67E25C3E7A300270E9E /* Time.h */ = {isa = PBXFileReference; lastKnownFileType = sourcecode.c.h; path = Time.h; sourceTree = "<group>"; };
		1155F67F25C3E7A300270E9E /* Time.m */ = {isa = PBXFileReference; lastKnownFileType = sourcecode.c.objc; path = Time.m; sourceTree = "<group>"; };
		1155F68125C3E7B000270E9E /* Tools.h */ = {isa = PBXFileReference; lastKnownFileType = sourcecode.c.h; path = Tools.h; sourceTree = "<group>"; };
		1155F68225C3E7B000270E9E /* Tools.m */ = {isa = PBXFileReference; lastKnownFileType = sourcecode.c.objc; path = Tools.m; sourceTree = "<group>"; };
		1155F68425C3E9AE00270E9E /* File.metal */ = {isa = PBXFileReference; lastKnownFileType = sourcecode.metal; path = File.metal; sourceTree = "<group>"; };
		1155F68625C4040E00270E9E /* 9e65eb88-9081-40fc-b2e4-4c72877bfcd4.png */ = {isa = PBXFileReference; lastKnownFileType = image.png; path = "9e65eb88-9081-40fc-b2e4-4c72877bfcd4.png"; sourceTree = "<group>"; };
		115EDC9225C4F1DA00BDECBE /* Metal-Feature-Set-Tables.pdf */ = {isa = PBXFileReference; lastKnownFileType = image.pdf; path = "Metal-Feature-Set-Tables.pdf"; sourceTree = "<group>"; };
		115EDC9425C5227300BDECBE /* 6411df7f-4f5c-46d6-9573-c2c6dd10fffb.png */ = {isa = PBXFileReference; lastKnownFileType = image.png; path = "6411df7f-4f5c-46d6-9573-c2c6dd10fffb.png"; sourceTree = "<group>"; };
		115EDC9625C5230300BDECBE /* 27dc137c-d852-461e-aff2-e93ab71f44e9.png */ = {isa = PBXFileReference; lastKnownFileType = image.png; path = "27dc137c-d852-461e-aff2-e93ab71f44e9.png"; sourceTree = "<group>"; };
		115EDC9825C523BC00BDECBE /* 9e68fba0-6dd4-4bc6-92a9-da1646f742d4.png */ = {isa = PBXFileReference; lastKnownFileType = image.png; path = "9e68fba0-6dd4-4bc6-92a9-da1646f742d4.png"; sourceTree = "<group>"; };
		115EDC9A25C5250D00BDECBE /* 5b88782f-d94e-45a2-833c-c8570dbb7b84.png */ = {isa = PBXFileReference; lastKnownFileType = image.png; path = "5b88782f-d94e-45a2-833c-c8570dbb7b84.png"; sourceTree = "<group>"; };
		115EDC9C25C5254500BDECBE /* cef5cd2d-1e3a-4fd8-b114-2ee84324d157.png */ = {isa = PBXFileReference; lastKnownFileType = image.png; path = "cef5cd2d-1e3a-4fd8-b114-2ee84324d157.png"; sourceTree = "<group>"; };
		115EDC9E25C52BFA00BDECBE /* 截屏2021-01-30.png */ = {isa = PBXFileReference; lastKnownFileType = image.png; path = "截屏2021-01-30.png"; sourceTree = "<group>"; };
/* End PBXFileReference section */

/* Begin PBXFrameworksBuildPhase section */
		1155F61625C3AD1D00270E9E /* Frameworks */ = {
			isa = PBXFrameworksBuildPhase;
			buildActionMask = 2147483647;
			files = (
			);
			runOnlyForDeploymentPostprocessing = 0;
		};
		1155F63125C3AD1E00270E9E /* Frameworks */ = {
			isa = PBXFrameworksBuildPhase;
			buildActionMask = 2147483647;
			files = (
			);
			runOnlyForDeploymentPostprocessing = 0;
		};
		1155F63C25C3AD1E00270E9E /* Frameworks */ = {
			isa = PBXFrameworksBuildPhase;
			buildActionMask = 2147483647;
			files = (
			);
			runOnlyForDeploymentPostprocessing = 0;
		};
/* End PBXFrameworksBuildPhase section */

/* Begin PBXGroup section */
		1155F61025C3AD1D00270E9E = {
			isa = PBXGroup;
			children = (
				1155F61B25C3AD1D00270E9E /* FaceCamera */,
				1155F63725C3AD1E00270E9E /* FaceCameraTests */,
				1155F64225C3AD1E00270E9E /* FaceCameraUITests */,
				1155F61A25C3AD1D00270E9E /* Products */,
			);
			sourceTree = "<group>";
		};
		1155F61A25C3AD1D00270E9E /* Products */ = {
			isa = PBXGroup;
			children = (
				1155F61925C3AD1D00270E9E /* FaceCamera.app */,
				1155F63425C3AD1E00270E9E /* FaceCameraTests.xctest */,
				1155F63F25C3AD1E00270E9E /* FaceCameraUITests.xctest */,
			);
			name = Products;
			sourceTree = "<group>";
		};
		1155F61B25C3AD1D00270E9E /* FaceCamera */ = {
			isa = PBXGroup;
			children = (
				1155F65725C3D6BD00270E9E /* Metal */,
				1155F65325C3BAAE00270E9E /* ARExperience */,
				1155F61C25C3AD1D00270E9E /* AppDelegate.h */,
				1155F61D25C3AD1D00270E9E /* AppDelegate.m */,
				1155F62225C3AD1D00270E9E /* ViewController.h */,
				1155F62325C3AD1D00270E9E /* ViewController.m */,
				1155F62825C3AD1E00270E9E /* Assets.xcassets */,
				1155F62A25C3AD1E00270E9E /* LaunchScreen.storyboard */,
				1155F62D25C3AD1E00270E9E /* Info.plist */,
				1155F62E25C3AD1E00270E9E /* main.m */,
				1155F65125C3AEE400270E9E /* PrefixHeader.pch */,
				1155F65225C3AF1D00270E9E /* BasicMacro.h */,
				1155F65B25C3E63200270E9E /* Metal-Shading-Language-Specification.pdf */,
				115EDC9225C4F1DA00BDECBE /* Metal-Feature-Set-Tables.pdf */,
			);
			path = FaceCamera;
			sourceTree = "<group>";
		};
		1155F63725C3AD1E00270E9E /* FaceCameraTests */ = {
			isa = PBXGroup;
			children = (
				1155F63825C3AD1E00270E9E /* FaceCameraTests.m */,
				1155F63A25C3AD1E00270E9E /* Info.plist */,
			);
			path = FaceCameraTests;
			sourceTree = "<group>";
		};
		1155F64225C3AD1E00270E9E /* FaceCameraUITests */ = {
			isa = PBXGroup;
			children = (
				1155F64325C3AD1E00270E9E /* FaceCameraUITests.m */,
				1155F64525C3AD1E00270E9E /* Info.plist */,
			);
			path = FaceCameraUITests;
			sourceTree = "<group>";
		};
		1155F65325C3BAAE00270E9E /* ARExperience */ = {
			isa = PBXGroup;
			children = (
				1155F65425C3BCD400270E9E /* ARExperienceController.h */,
				1155F65525C3BCD400270E9E /* ARExperienceController.m */,
			);
			path = ARExperience;
			sourceTree = "<group>";
		};
		1155F65725C3D6BD00270E9E /* Metal */ = {
			isa = PBXGroup;
			children = (
				1155F65825C3D6D100270E9E /* MetalViewController.h */,
				1155F65925C3D6D100270E9E /* MetalViewController.m */,
				1155F65D25C3E65900270E9E /* Essentials.h */,
				1155F65E25C3E65900270E9E /* Essentials.m */,
				1155F68425C3E9AE00270E9E /* File.metal */,
				1155F66025C3E67300270E9E /* GPUs.h */,
				1155F66125C3E67300270E9E /* GPUs.m */,
				1155F66325C3E69600270E9E /* CommandSetup.h */,
				1155F66425C3E69600270E9E /* CommandSetup.m */,
				1155F66625C3E6AF00270E9E /* ParallelComputation.h */,
				1155F66725C3E6AF00270E9E /* ParallelComputation.m */,
				1155F66925C3E6BD00270E9E /* RayTracing.h */,
				1155F66A25C3E6BD00270E9E /* RayTracing.m */,
				1155F66C25C3E6D500270E9E /* Rendering.h */,
				1155F66D25C3E6D500270E9E /* Rendering.m */,
				1155F66F25C3E6F500270E9E /* Presentation.h */,
				1155F67025C3E6F500270E9E /* Presentation.m */,
				1155F67225C3E70300270E9E /* Shaders.h */,
				1155F67325C3E70300270E9E /* Shaders.m */,
				1155F67525C3E71600270E9E /* Resources.h */,
				1155F67625C3E71600270E9E /* Resources.m */,
				1155F67825C3E74D00270E9E /* ObjectSizingAndPositioning.h */,
				1155F67925C3E74D00270E9E /* ObjectSizingAndPositioning.m */,
				1155F67B25C3E79200270E9E /* PackedVectorsAndMatrices.h */,
				1155F67C25C3E79200270E9E /* PackedVectorsAndMatrices.m */,
				1155F67E25C3E7A300270E9E /* Time.h */,
				1155F67F25C3E7A300270E9E /* Time.m */,
				1155F68125C3E7B000270E9E /* Tools.h */,
				1155F68225C3E7B000270E9E /* Tools.m */,
				1155F68625C4040E00270E9E /* 9e65eb88-9081-40fc-b2e4-4c72877bfcd4.png */,
				115EDC9425C5227300BDECBE /* 6411df7f-4f5c-46d6-9573-c2c6dd10fffb.png */,
				115EDC9625C5230300BDECBE /* 27dc137c-d852-461e-aff2-e93ab71f44e9.png */,
				115EDC9825C523BC00BDECBE /* 9e68fba0-6dd4-4bc6-92a9-da1646f742d4.png */,
				115EDC9A25C5250D00BDECBE /* 5b88782f-d94e-45a2-833c-c8570dbb7b84.png */,
				115EDC9C25C5254500BDECBE /* cef5cd2d-1e3a-4fd8-b114-2ee84324d157.png */,
				115EDC9E25C52BFA00BDECBE /* 截屏2021-01-30.png */,
			);
			path = Metal;
			sourceTree = "<group>";
		};
/* End PBXGroup section */

/* Begin PBXNativeTarget section */
		1155F61825C3AD1D00270E9E /* FaceCamera */ = {
			isa = PBXNativeTarget;
			buildConfigurationList = 1155F64825C3AD1E00270E9E /* Build configuration list for PBXNativeTarget "FaceCamera" */;
			buildPhases = (
				1155F61525C3AD1D00270E9E /* Sources */,
				1155F61625C3AD1D00270E9E /* Frameworks */,
				1155F61725C3AD1D00270E9E /* Resources */,
			);
			buildRules = (
			);
			dependencies = (
			);
			name = FaceCamera;
			productName = FaceCamera;
			productReference = 1155F61925C3AD1D00270E9E /* FaceCamera.app */;
			productType = "com.apple.product-type.application";
		};
		1155F63325C3AD1E00270E9E /* FaceCameraTests */ = {
			isa = PBXNativeTarget;
			buildConfigurationList = 1155F64B25C3AD1E00270E9E /* Build configuration list for PBXNativeTarget "FaceCameraTests" */;
			buildPhases = (
				1155F63025C3AD1E00270E9E /* Sources */,
				1155F63125C3AD1E00270E9E /* Frameworks */,
				1155F63225C3AD1E00270E9E /* Resources */,
			);
			buildRules = (
			);
			dependencies = (
				1155F63625C3AD1E00270E9E /* PBXTargetDependency */,
			);
			name = FaceCameraTests;
			productName = FaceCameraTests;
			productReference = 1155F63425C3AD1E00270E9E /* FaceCameraTests.xctest */;
			productType = "com.apple.product-type.bundle.unit-test";
		};
		1155F63E25C3AD1E00270E9E /* FaceCameraUITests */ = {
			isa = PBXNativeTarget;
			buildConfigurationList = 1155F64E25C3AD1E00270E9E /* Build configuration list for PBXNativeTarget "FaceCameraUITests" */;
			buildPhases = (
				1155F63B25C3AD1E00270E9E /* Sources */,
				1155F63C25C3AD1E00270E9E /* Frameworks */,
				1155F63D25C3AD1E00270E9E /* Resources */,
			);
			buildRules = (
			);
			dependencies = (
				1155F64125C3AD1E00270E9E /* PBXTargetDependency */,
			);
			name = FaceCameraUITests;
			productName = FaceCameraUITests;
			productReference = 1155F63F25C3AD1E00270E9E /* FaceCameraUITests.xctest */;
			productType = "com.apple.product-type.bundle.ui-testing";
		};
/* End PBXNativeTarget section */

/* Begin PBXProject section */
		1155F61125C3AD1D00270E9E /* Project object */ = {
			isa = PBXProject;
			attributes = {
				LastUpgradeCheck = 1150;
				ORGANIZATIONNAME = tigerfly;
				TargetAttributes = {
					1155F61825C3AD1D00270E9E = {
						CreatedOnToolsVersion = 11.5;
					};
					1155F63325C3AD1E00270E9E = {
						CreatedOnToolsVersion = 11.5;
						TestTargetID = 1155F61825C3AD1D00270E9E;
					};
					1155F63E25C3AD1E00270E9E = {
						CreatedOnToolsVersion = 11.5;
						TestTargetID = 1155F61825C3AD1D00270E9E;
					};
				};
			};
			buildConfigurationList = 1155F61425C3AD1D00270E9E /* Build configuration list for PBXProject "FaceCamera" */;
			compatibilityVersion = "Xcode 9.3";
			developmentRegion = en;
			hasScannedForEncodings = 0;
			knownRegions = (
				en,
				Base,
			);
			mainGroup = 1155F61025C3AD1D00270E9E;
			productRefGroup = 1155F61A25C3AD1D00270E9E /* Products */;
			projectDirPath = "";
			projectRoot = "";
			targets = (
				1155F61825C3AD1D00270E9E /* FaceCamera */,
				1155F63325C3AD1E00270E9E /* FaceCameraTests */,
				1155F63E25C3AD1E00270E9E /* FaceCameraUITests */,
			);
		};
/* End PBXProject section */

/* Begin PBXResourcesBuildPhase section */
		1155F61725C3AD1D00270E9E /* Resources */ = {
			isa = PBXResourcesBuildPhase;
			buildActionMask = 2147483647;
			files = (
				1155F68725C4040E00270E9E /* 9e65eb88-9081-40fc-b2e4-4c72877bfcd4.png in Resources */,
				115EDC9D25C5254500BDECBE /* cef5cd2d-1e3a-4fd8-b114-2ee84324d157.png in Resources */,
				115EDC9325C4F1DA00BDECBE /* Metal-Feature-Set-Tables.pdf in Resources */,
				115EDC9B25C5250D00BDECBE /* 5b88782f-d94e-45a2-833c-c8570dbb7b84.png in Resources */,
				1155F62C25C3AD1E00270E9E /* LaunchScreen.storyboard in Resources */,
				115EDC9925C523BC00BDECBE /* 9e68fba0-6dd4-4bc6-92a9-da1646f742d4.png in Resources */,
				1155F65C25C3E63200270E9E /* Metal-Shading-Language-Specification.pdf in Resources */,
				115EDC9725C5230300BDECBE /* 27dc137c-d852-461e-aff2-e93ab71f44e9.png in Resources */,
				1155F62925C3AD1E00270E9E /* Assets.xcassets in Resources */,
				115EDC9525C5227300BDECBE /* 6411df7f-4f5c-46d6-9573-c2c6dd10fffb.png in Resources */,
				115EDC9F25C52BFA00BDECBE /* 截屏2021-01-30.png in Resources */,
			);
			runOnlyForDeploymentPostprocessing = 0;
		};
		1155F63225C3AD1E00270E9E /* Resources */ = {
			isa = PBXResourcesBuildPhase;
			buildActionMask = 2147483647;
			files = (
			);
			runOnlyForDeploymentPostprocessing = 0;
		};
		1155F63D25C3AD1E00270E9E /* Resources */ = {
			isa = PBXResourcesBuildPhase;
			buildActionMask = 2147483647;
			files = (
			);
			runOnlyForDeploymentPostprocessing = 0;
		};
/* End PBXResourcesBuildPhase section */

/* Begin PBXSourcesBuildPhase section */
		1155F61525C3AD1D00270E9E /* Sources */ = {
			isa = PBXSourcesBuildPhase;
			buildActionMask = 2147483647;
			files = (
				1155F68025C3E7A300270E9E /* Time.m in Sources */,
				1155F65F25C3E65900270E9E /* Essentials.m in Sources */,
				1155F67A25C3E74D00270E9E /* ObjectSizingAndPositioning.m in Sources */,
				1155F68325C3E7B000270E9E /* Tools.m in Sources */,
				1155F67125C3E6F500270E9E /* Presentation.m in Sources */,
				1155F66525C3E69600270E9E /* CommandSetup.m in Sources */,
				1155F68525C3E9AE00270E9E /* File.metal in Sources */,
				1155F62425C3AD1D00270E9E /* ViewController.m in Sources */,
				1155F61E25C3AD1D00270E9E /* AppDelegate.m in Sources */,
				1155F67425C3E70300270E9E /* Shaders.m in Sources */,
				1155F66E25C3E6D500270E9E /* Rendering.m in Sources */,
				1155F67725C3E71600270E9E /* Resources.m in Sources */,
				1155F65625C3BCD400270E9E /* ARExperienceController.m in Sources */,
				1155F65A25C3D6D100270E9E /* MetalViewController.m in Sources */,
				1155F62F25C3AD1E00270E9E /* main.m in Sources */,
				1155F66825C3E6AF00270E9E /* ParallelComputation.m in Sources */,
				1155F66225C3E67300270E9E /* GPUs.m in Sources */,
				1155F67D25C3E79200270E9E /* PackedVectorsAndMatrices.m in Sources */,
				1155F66B25C3E6BD00270E9E /* RayTracing.m in Sources */,
			);
			runOnlyForDeploymentPostprocessing = 0;
		};
		1155F63025C3AD1E00270E9E /* Sources */ = {
			isa = PBXSourcesBuildPhase;
			buildActionMask = 2147483647;
			files = (
				1155F63925C3AD1E00270E9E /* FaceCameraTests.m in Sources */,
			);
			runOnlyForDeploymentPostprocessing = 0;
		};
		1155F63B25C3AD1E00270E9E /* Sources */ = {
			isa = PBXSourcesBuildPhase;
			buildActionMask = 2147483647;
			files = (
				1155F64425C3AD1E00270E9E /* FaceCameraUITests.m in Sources */,
			);
			runOnlyForDeploymentPostprocessing = 0;
		};
/* End PBXSourcesBuildPhase section */

/* Begin PBXTargetDependency section */
		1155F63625C3AD1E00270E9E /* PBXTargetDependency */ = {
			isa = PBXTargetDependency;
			target = 1155F61825C3AD1D00270E9E /* FaceCamera */;
			targetProxy = 1155F63525C3AD1E00270E9E /* PBXContainerItemProxy */;
		};
		1155F64125C3AD1E00270E9E /* PBXTargetDependency */ = {
			isa = PBXTargetDependency;
			target = 1155F61825C3AD1D00270E9E /* FaceCamera */;
			targetProxy = 1155F64025C3AD1E00270E9E /* PBXContainerItemProxy */;
		};
/* End PBXTargetDependency section */

/* Begin PBXVariantGroup section */
		1155F62A25C3AD1E00270E9E /* LaunchScreen.storyboard */ = {
			isa = PBXVariantGroup;
			children = (
				1155F62B25C3AD1E00270E9E /* Base */,
			);
			name = LaunchScreen.storyboard;
			sourceTree = "<group>";
		};
/* End PBXVariantGroup section */

/* Begin XCBuildConfiguration section */
		1155F64625C3AD1E00270E9E /* Debug */ = {
			isa = XCBuildConfiguration;
			buildSettings = {
				ALWAYS_SEARCH_USER_PATHS = NO;
				CLANG_ANALYZER_NONNULL = YES;
				CLANG_ANALYZER_NUMBER_OBJECT_CONVERSION = YES_AGGRESSIVE;
				CLANG_CXX_LANGUAGE_STANDARD = "gnu++14";
				CLANG_CXX_LIBRARY = "libc++";
				CLANG_ENABLE_MODULES = YES;
				CLANG_ENABLE_OBJC_ARC = YES;
				CLANG_ENABLE_OBJC_WEAK = YES;
				CLANG_WARN_BLOCK_CAPTURE_AUTORELEASING = YES;
				CLANG_WARN_BOOL_CONVERSION = YES;
				CLANG_WARN_COMMA = YES;
				CLANG_WARN_CONSTANT_CONVERSION = YES;
				CLANG_WARN_DEPRECATED_OBJC_IMPLEMENTATIONS = YES;
				CLANG_WARN_DIRECT_OBJC_ISA_USAGE = YES_ERROR;
				CLANG_WARN_DOCUMENTATION_COMMENTS = YES;
				CLANG_WARN_EMPTY_BODY = YES;
				CLANG_WARN_ENUM_CONVERSION = YES;
				CLANG_WARN_INFINITE_RECURSION = YES;
				CLANG_WARN_INT_CONVERSION = YES;
				CLANG_WARN_NON_LITERAL_NULL_CONVERSION = YES;
				CLANG_WARN_OBJC_IMPLICIT_RETAIN_SELF = YES;
				CLANG_WARN_OBJC_LITERAL_CONVERSION = YES;
				CLANG_WARN_OBJC_ROOT_CLASS = YES_ERROR;
				CLANG_WARN_RANGE_LOOP_ANALYSIS = YES;
				CLANG_WARN_STRICT_PROTOTYPES = YES;
				CLANG_WARN_SUSPICIOUS_MOVE = YES;
				CLANG_WARN_UNGUARDED_AVAILABILITY = YES_AGGRESSIVE;
				CLANG_WARN_UNREACHABLE_CODE = YES;
				CLANG_WARN__DUPLICATE_METHOD_MATCH = YES;
				COPY_PHASE_STRIP = NO;
				DEBUG_INFORMATION_FORMAT = dwarf;
				ENABLE_STRICT_OBJC_MSGSEND = YES;
				ENABLE_TESTABILITY = YES;
				GCC_C_LANGUAGE_STANDARD = gnu11;
				GCC_DYNAMIC_NO_PIC = NO;
				GCC_NO_COMMON_BLOCKS = YES;
				GCC_OPTIMIZATION_LEVEL = 0;
				GCC_PREPROCESSOR_DEFINITIONS = (
					"DEBUG=1",
					"$(inherited)",
				);
				GCC_WARN_64_TO_32_BIT_CONVERSION = YES;
				GCC_WARN_ABOUT_RETURN_TYPE = YES_ERROR;
				GCC_WARN_UNDECLARED_SELECTOR = YES;
				GCC_WARN_UNINITIALIZED_AUTOS = YES_AGGRESSIVE;
				GCC_WARN_UNUSED_FUNCTION = YES;
				GCC_WARN_UNUSED_VARIABLE = YES;
				IPHONEOS_DEPLOYMENT_TARGET = 13.5;
				MTL_ENABLE_DEBUG_INFO = INCLUDE_SOURCE;
				MTL_FAST_MATH = YES;
				ONLY_ACTIVE_ARCH = YES;
				SDKROOT = iphoneos;
			};
			name = Debug;
		};
		1155F64725C3AD1E00270E9E /* Release */ = {
			isa = XCBuildConfiguration;
			buildSettings = {
				ALWAYS_SEARCH_USER_PATHS = NO;
				CLANG_ANALYZER_NONNULL = YES;
				CLANG_ANALYZER_NUMBER_OBJECT_CONVERSION = YES_AGGRESSIVE;
				CLANG_CXX_LANGUAGE_STANDARD = "gnu++14";
				CLANG_CXX_LIBRARY = "libc++";
				CLANG_ENABLE_MODULES = YES;
				CLANG_ENABLE_OBJC_ARC = YES;
				CLANG_ENABLE_OBJC_WEAK = YES;
				CLANG_WARN_BLOCK_CAPTURE_AUTORELEASING = YES;
				CLANG_WARN_BOOL_CONVERSION = YES;
				CLANG_WARN_COMMA = YES;
				CLANG_WARN_CONSTANT_CONVERSION = YES;
				CLANG_WARN_DEPRECATED_OBJC_IMPLEMENTATIONS = YES;
				CLANG_WARN_DIRECT_OBJC_ISA_USAGE = YES_ERROR;
				CLANG_WARN_DOCUMENTATION_COMMENTS = YES;
				CLANG_WARN_EMPTY_BODY = YES;
				CLANG_WARN_ENUM_CONVERSION = YES;
				CLANG_WARN_INFINITE_RECURSION = YES;
				CLANG_WARN_INT_CONVERSION = YES;
				CLANG_WARN_NON_LITERAL_NULL_CONVERSION = YES;
				CLANG_WARN_OBJC_IMPLICIT_RETAIN_SELF = YES;
				CLANG_WARN_OBJC_LITERAL_CONVERSION = YES;
				CLANG_WARN_OBJC_ROOT_CLASS = YES_ERROR;
				CLANG_WARN_RANGE_LOOP_ANALYSIS = YES;
				CLANG_WARN_STRICT_PROTOTYPES = YES;
				CLANG_WARN_SUSPICIOUS_MOVE = YES;
				CLANG_WARN_UNGUARDED_AVAILABILITY = YES_AGGRESSIVE;
				CLANG_WARN_UNREACHABLE_CODE = YES;
				CLANG_WARN__DUPLICATE_METHOD_MATCH = YES;
				COPY_PHASE_STRIP = NO;
				DEBUG_INFORMATION_FORMAT = "dwarf-with-dsym";
				ENABLE_NS_ASSERTIONS = NO;
				ENABLE_STRICT_OBJC_MSGSEND = YES;
				GCC_C_LANGUAGE_STANDARD = gnu11;
				GCC_NO_COMMON_BLOCKS = YES;
				GCC_WARN_64_TO_32_BIT_CONVERSION = YES;
				GCC_WARN_ABOUT_RETURN_TYPE = YES_ERROR;
				GCC_WARN_UNDECLARED_SELECTOR = YES;
				GCC_WARN_UNINITIALIZED_AUTOS = YES_AGGRESSIVE;
				GCC_WARN_UNUSED_FUNCTION = YES;
				GCC_WARN_UNUSED_VARIABLE = YES;
				IPHONEOS_DEPLOYMENT_TARGET = 13.5;
				MTL_ENABLE_DEBUG_INFO = NO;
				MTL_FAST_MATH = YES;
				SDKROOT = iphoneos;
				VALIDATE_PRODUCT = YES;
			};
			name = Release;
		};
		1155F64925C3AD1E00270E9E /* Debug */ = {
			isa = XCBuildConfiguration;
			buildSettings = {
				ASSETCATALOG_COMPILER_APPICON_NAME = AppIcon;
				CODE_SIGN_IDENTITY = "Apple Development";
				CODE_SIGN_STYLE = Automatic;
				DEVELOPMENT_TEAM = HU7J6PUQSE;
				INFOPLIST_FILE = FaceCamera/Info.plist;
				LD_RUNPATH_SEARCH_PATHS = (
					"$(inherited)",
					"@executable_path/Frameworks",
				);
				PRODUCT_BUNDLE_IDENTIFIER = com.tigerfly.FaceCamera;
				PRODUCT_NAME = "$(TARGET_NAME)";
				PROVISIONING_PROFILE_SPECIFIER = "";
				TARGETED_DEVICE_FAMILY = "1,2";
			};
			name = Debug;
		};
		1155F64A25C3AD1E00270E9E /* Release */ = {
			isa = XCBuildConfiguration;
			buildSettings = {
				ASSETCATALOG_COMPILER_APPICON_NAME = AppIcon;
				CODE_SIGN_IDENTITY = "Apple Development";
				CODE_SIGN_STYLE = Automatic;
				DEVELOPMENT_TEAM = HU7J6PUQSE;
				INFOPLIST_FILE = FaceCamera/Info.plist;
				LD_RUNPATH_SEARCH_PATHS = (
					"$(inherited)",
					"@executable_path/Frameworks",
				);
				PRODUCT_BUNDLE_IDENTIFIER = com.tigerfly.FaceCamera;
				PRODUCT_NAME = "$(TARGET_NAME)";
				PROVISIONING_PROFILE_SPECIFIER = "";
				TARGETED_DEVICE_FAMILY = "1,2";
			};
			name = Release;
		};
		1155F64C25C3AD1E00270E9E /* Debug */ = {
			isa = XCBuildConfiguration;
			buildSettings = {
				BUNDLE_LOADER = "$(TEST_HOST)";
				CODE_SIGN_STYLE = Automatic;
				DEVELOPMENT_TEAM = HU7J6PUQSE;
				INFOPLIST_FILE = FaceCameraTests/Info.plist;
				IPHONEOS_DEPLOYMENT_TARGET = 13.5;
				LD_RUNPATH_SEARCH_PATHS = (
					"$(inherited)",
					"@executable_path/Frameworks",
					"@loader_path/Frameworks",
				);
				PRODUCT_BUNDLE_IDENTIFIER = com.tigerfly.FaceCameraTests;
				PRODUCT_NAME = "$(TARGET_NAME)";
				TARGETED_DEVICE_FAMILY = "1,2";
				TEST_HOST = "$(BUILT_PRODUCTS_DIR)/FaceCamera.app/FaceCamera";
			};
			name = Debug;
		};
		1155F64D25C3AD1E00270E9E /* Release */ = {
			isa = XCBuildConfiguration;
			buildSettings = {
				BUNDLE_LOADER = "$(TEST_HOST)";
				CODE_SIGN_STYLE = Automatic;
				DEVELOPMENT_TEAM = HU7J6PUQSE;
				INFOPLIST_FILE = FaceCameraTests/Info.plist;
				IPHONEOS_DEPLOYMENT_TARGET = 13.5;
				LD_RUNPATH_SEARCH_PATHS = (
					"$(inherited)",
					"@executable_path/Frameworks",
					"@loader_path/Frameworks",
				);
				PRODUCT_BUNDLE_IDENTIFIER = com.tigerfly.FaceCameraTests;
				PRODUCT_NAME = "$(TARGET_NAME)";
				TARGETED_DEVICE_FAMILY = "1,2";
				TEST_HOST = "$(BUILT_PRODUCTS_DIR)/FaceCamera.app/FaceCamera";
			};
			name = Release;
		};
		1155F64F25C3AD1E00270E9E /* Debug */ = {
			isa = XCBuildConfiguration;
			buildSettings = {
				CODE_SIGN_STYLE = Automatic;
				DEVELOPMENT_TEAM = HU7J6PUQSE;
				INFOPLIST_FILE = FaceCameraUITests/Info.plist;
				LD_RUNPATH_SEARCH_PATHS = (
					"$(inherited)",
					"@executable_path/Frameworks",
					"@loader_path/Frameworks",
				);
				PRODUCT_BUNDLE_IDENTIFIER = com.tigerfly.FaceCameraUITests;
				PRODUCT_NAME = "$(TARGET_NAME)";
				TARGETED_DEVICE_FAMILY = "1,2";
				TEST_TARGET_NAME = FaceCamera;
			};
			name = Debug;
		};
		1155F65025C3AD1E00270E9E /* Release */ = {
			isa = XCBuildConfiguration;
			buildSettings = {
				CODE_SIGN_STYLE = Automatic;
				DEVELOPMENT_TEAM = HU7J6PUQSE;
				INFOPLIST_FILE = FaceCameraUITests/Info.plist;
				LD_RUNPATH_SEARCH_PATHS = (
					"$(inherited)",
					"@executable_path/Frameworks",
					"@loader_path/Frameworks",
				);
				PRODUCT_BUNDLE_IDENTIFIER = com.tigerfly.FaceCameraUITests;
				PRODUCT_NAME = "$(TARGET_NAME)";
				TARGETED_DEVICE_FAMILY = "1,2";
				TEST_TARGET_NAME = FaceCamera;
			};
			name = Release;
		};
/* End XCBuildConfiguration section */

/* Begin XCConfigurationList section */
		1155F61425C3AD1D00270E9E /* Build configuration list for PBXProject "FaceCamera" */ = {
			isa = XCConfigurationList;
			buildConfigurations = (
				1155F64625C3AD1E00270E9E /* Debug */,
				1155F64725C3AD1E00270E9E /* Release */,
			);
			defaultConfigurationIsVisible = 0;
			defaultConfigurationName = Release;
		};
		1155F64825C3AD1E00270E9E /* Build configuration list for PBXNativeTarget "FaceCamera" */ = {
			isa = XCConfigurationList;
			buildConfigurations = (
				1155F64925C3AD1E00270E9E /* Debug */,
				1155F64A25C3AD1E00270E9E /* Release */,
			);
			defaultConfigurationIsVisible = 0;
			defaultConfigurationName = Release;
		};
		1155F64B25C3AD1E00270E9E /* Build configuration list for PBXNativeTarget "FaceCameraTests" */ = {
			isa = XCConfigurationList;
			buildConfigurations = (
				1155F64C25C3AD1E00270E9E /* Debug */,
				1155F64D25C3AD1E00270E9E /* Release */,
			);
			defaultConfigurationIsVisible = 0;
			defaultConfigurationName = Release;
		};
		1155F64E25C3AD1E00270E9E /* Build configuration list for PBXNativeTarget "FaceCameraUITests" */ = {
			isa = XCConfigurationList;
			buildConfigurations = (
				1155F64F25C3AD1E00270E9E /* Debug */,
				1155F65025C3AD1E00270E9E /* Release */,
			);
			defaultConfigurationIsVisible = 0;
			defaultConfigurationName = Release;
		};
/* End XCConfigurationList section */
	};
	rootObject = 1155F61125C3AD1D00270E9E /* Project object */;
}
